
Microsoft Visual Studio Solution File, Format Version 12.00
# Visual Studio Version 17
VisualStudioVersion = 17.8.34511.84
MinimumVisualStudioVersion = 10.0.40219.1
Project("{9A19103F-16F7-4668-BE54-9A1E7A4F7556}") = "POE6221_Part_1", "POE6221_Part_1\POE6221_Part_1.csproj", "{BFC7B549-616F-4807-9FFF-2FF23A6F4AAA}"
EndProject
Project("{FAE04EC0-301F-11D3-BF4B-00C04F79EFBC}") = "CalcCalories.nUnitTests", "CalcCalories.nUnitTests\CalcCalories.nUnitTests.csproj", "{A3E79F05-2B4D-4A82-AA9A-A911CFC74F92}"
EndProject
Global
	GlobalSection(SolutionConfigurationPlatforms) = preSolution
		Debug|Any CPU = Debug|Any CPU
		Release|Any CPU = Release|Any CPU
	EndGlobalSection
	GlobalSection(ProjectConfigurationPlatforms) = postSolution
		{BFC7B549-616F-4807-9FFF-2FF23A6F4AAA}.Debug|Any CPU.ActiveCfg = Debug|Any CPU
		{BFC7B549-616F-4807-9FFF-2FF23A6F4AAA}.Debug|Any CPU.Build.0 = Debug|Any CPU
		{BFC7B549-616F-4807-9FFF-2FF23A6F4AAA}.Release|Any CPU.ActiveCfg = Release|Any CPU
		{BFC7B549-616F-4807-9FFF-2FF23A6F4AAA}.Release|Any CPU.Build.0 = Release|Any CPU
		{A3E79F05-2B4D-4A82-AA9A-A911CFC74F92}.Debug|Any CPU.ActiveCfg = Debug|Any CPU
		{A3E79F05-2B4D-4A82-AA9A-A911CFC74F92}.Debug|Any CPU.Build.0 = Debug|Any CPU
		{A3E79F05-2B4D-4A82-AA9A-A911CFC74F92}.Release|Any CPU.ActiveCfg = Release|Any CPU
		{A3E79F05-2B4D-4A82-AA9A-A911CFC74F92}.Release|Any CPU.Build.0 = Release|Any CPU
	EndGlobalSection
	GlobalSection(SolutionProperties) = preSolution
		HideSolutionNode = FALSE
	EndGlobalSection
	GlobalSection(ExtensibilityGlobals) = postSolution
		SolutionGuid = {DC003400-FBDD-4F2E-A19F-185F9648589F}
	EndGlobalSection
EndGlobal
